
Microsoft Visual Studio Solution File, Format Version 12.00
# Visual Studio Version 16
VisualStudioVersion = 25.0.1706.7
MinimumVisualStudioVersion = 10.0.40219.1
Project("{FAE04EC0-301F-11D3-BF4B-00C04F79EFBC}") = "AnketHazirlamaPortali", "AnketHazirlamaPortali\AnketHazirlamaPortali.csproj", "{29E856E7-690F-4F93-9229-E185D00D7725}"
EndProject
Project("{FAE04EC0-301F-11D3-BF4B-00C04F79EFBC}") = "BusinessLayer", "BusinessLayer\BusinessLayer.csproj", "{FF50AC8F-A445-45F3-8AEA-1DC651CE176E}"
EndProject
Project("{FAE04EC0-301F-11D3-BF4B-00C04F79EFBC}") = "DataAccessLayer", "DataAccessLayer\DataAccessLayer.csproj", "{8F223BD7-C9C5-4FF4-A236-7C0D464FF239}"
EndProject
Project("{FAE04EC0-301F-11D3-BF4B-00C04F79EFBC}") = "EntityLayer", "EntityLayer\EntityLayer.csproj", "{0EE59989-1E6A-4F89-8D07-EDAFE796FD68}"
EndProject
Global
	GlobalSection(SolutionConfigurationPlatforms) = preSolution
		Debug|Any CPU = Debug|Any CPU
		Release|Any CPU = Release|Any CPU
	EndGlobalSection
	GlobalSection(ProjectConfigurationPlatforms) = postSolution
		{29E856E7-690F-4F93-9229-E185D00D7725}.Debug|Any CPU.ActiveCfg = Debug|Any CPU
		{29E856E7-690F-4F93-9229-E185D00D7725}.Debug|Any CPU.Build.0 = Debug|Any CPU
		{29E856E7-690F-4F93-9229-E185D00D7725}.Release|Any CPU.ActiveCfg = Release|Any CPU
		{29E856E7-690F-4F93-9229-E185D00D7725}.Release|Any CPU.Build.0 = Release|Any CPU
		{FF50AC8F-A445-45F3-8AEA-1DC651CE176E}.Debug|Any CPU.ActiveCfg = Debug|Any CPU
		{FF50AC8F-A445-45F3-8AEA-1DC651CE176E}.Debug|Any CPU.Build.0 = Debug|Any CPU
		{FF50AC8F-A445-45F3-8AEA-1DC651CE176E}.Release|Any CPU.ActiveCfg = Release|Any CPU
		{FF50AC8F-A445-45F3-8AEA-1DC651CE176E}.Release|Any CPU.Build.0 = Release|Any CPU
		{8F223BD7-C9C5-4FF4-A236-7C0D464FF239}.Debug|Any CPU.ActiveCfg = Debug|Any CPU
		{8F223BD7-C9C5-4FF4-A236-7C0D464FF239}.Debug|Any CPU.Build.0 = Debug|Any CPU
		{8F223BD7-C9C5-4FF4-A236-7C0D464FF239}.Release|Any CPU.ActiveCfg = Release|Any CPU
		{8F223BD7-C9C5-4FF4-A236-7C0D464FF239}.Release|Any CPU.Build.0 = Release|Any CPU
		{0EE59989-1E6A-4F89-8D07-EDAFE796FD68}.Debug|Any CPU.ActiveCfg = Debug|Any CPU
		{0EE59989-1E6A-4F89-8D07-EDAFE796FD68}.Debug|Any CPU.Build.0 = Debug|Any CPU
		{0EE59989-1E6A-4F89-8D07-EDAFE796FD68}.Release|Any CPU.ActiveCfg = Release|Any CPU
		{0EE59989-1E6A-4F89-8D07-EDAFE796FD68}.Release|Any CPU.Build.0 = Release|Any CPU
	EndGlobalSection
	GlobalSection(SolutionProperties) = preSolution
		HideSolutionNode = FALSE
	EndGlobalSection
	GlobalSection(ExtensibilityGlobals) = postSolution
		SolutionGuid = {351A9F61-882B-47AF-BCB3-79B08CEA7587}
	EndGlobalSection
EndGlobal
